// !$*UTF8*$!
{
	archiveVersion = 1;
	classes = {
	};
	objectVersion = 50;
	objects = {

/* Begin PBXBuildFile section */
		8944F81B24EEF80D008B51E4 /* AppDelegate.swift in Sources */ = {isa = PBXBuildFile; fileRef = 8944F81A24EEF80D008B51E4 /* AppDelegate.swift */; };
		8944F81D24EEF80E008B51E4 /* SceneDelegate.swift in Sources */ = {isa = PBXBuildFile; fileRef = 8944F81C24EEF80E008B51E4 /* SceneDelegate.swift */; };
		8944F81F24EEF80E008B51E4 /* SnakeView.swift in Sources */ = {isa = PBXBuildFile; fileRef = 8944F81E24EEF80E008B51E4 /* SnakeView.swift */; };
		8944F82124EEF80F008B51E4 /* Assets.xcassets in Resources */ = {isa = PBXBuildFile; fileRef = 8944F82024EEF80F008B51E4 /* Assets.xcassets */; };
		8944F82424EEF80F008B51E4 /* Preview Assets.xcassets in Resources */ = {isa = PBXBuildFile; fileRef = 8944F82324EEF80F008B51E4 /* Preview Assets.xcassets */; };
		8944F82724EEF80F008B51E4 /* LaunchScreen.storyboard in Resources */ = {isa = PBXBuildFile; fileRef = 8944F82524EEF80F008B51E4 /* LaunchScreen.storyboard */; };
		8944F82F24EEFA3C008B51E4 /* SnakeModel.swift in Sources */ = {isa = PBXBuildFile; fileRef = 8944F82E24EEFA3C008B51E4 /* SnakeModel.swift */; };
		8944F83124EEFABC008B51E4 /* SnakeViewModel.swift in Sources */ = {isa = PBXBuildFile; fileRef = 8944F83024EEFABC008B51E4 /* SnakeViewModel.swift */; };
/* End PBXBuildFile section */

/* Begin PBXFileReference section */
		8944F81724EEF80D008B51E4 /* SnakeGame.app */ = {isa = PBXFileReference; explicitFileType = wrapper.application; includeInIndex = 0; path = SnakeGame.app; sourceTree = BUILT_PRODUCTS_DIR; };
		8944F81A24EEF80D008B51E4 /* AppDelegate.swift */ = {isa = PBXFileReference; lastKnownFileType = sourcecode.swift; path = AppDelegate.swift; sourceTree = "<group>"; };
		8944F81C24EEF80E008B51E4 /* SceneDelegate.swift */ = {isa = PBXFileReference; lastKnownFileType = sourcecode.swift; path = SceneDelegate.swift; sourceTree = "<group>"; };
		8944F81E24EEF80E008B51E4 /* SnakeView.swift */ = {isa = PBXFileReference; lastKnownFileType = sourcecode.swift; path = SnakeView.swift; sourceTree = "<group>"; };
		8944F82024EEF80F008B51E4 /* Assets.xcassets */ = {isa = PBXFileReference; lastKnownFileType = folder.assetcatalog; path = Assets.xcassets; sourceTree = "<group>"; };
		8944F82324EEF80F008B51E4 /* Preview Assets.xcassets */ = {isa = PBXFileReference; lastKnownFileType = folder.assetcatalog; path = "Preview Assets.xcassets"; sourceTree = "<group>"; };
		8944F82624EEF80F008B51E4 /* Base */ = {isa = PBXFileReference; lastKnownFileType = file.storyboard; name = Base; path = Base.lproj/LaunchScreen.storyboard; sourceTree = "<group>"; };
		8944F82824EEF80F008B51E4 /* Info.plist */ = {isa = PBXFileReference; lastKnownFileType = text.plist.xml; path = Info.plist; sourceTree = "<group>"; };
		8944F82E24EEFA3C008B51E4 /* SnakeModel.swift */ = {isa = PBXFileReference; lastKnownFileType = sourcecode.swift; path = SnakeModel.swift; sourceTree = "<group>"; };
		8944F83024EEFABC008B51E4 /* SnakeViewModel.swift */ = {isa = PBXFileReference; lastKnownFileType = sourcecode.swift; path = SnakeViewModel.swift; sourceTree = "<group>"; };
/* End PBXFileReference section */

/* Begin PBXFrameworksBuildPhase section */
		8944F81424EEF80D008B51E4 /* Frameworks */ = {
			isa = PBXFrameworksBuildPhase;
			buildActionMask = 2147483647;
			files = (
			);
			runOnlyForDeploymentPostprocessing = 0;
		};
/* End PBXFrameworksBuildPhase section */

/* Begin PBXGroup section */
		8944F80E24EEF80D008B51E4 = {
			isa = PBXGroup;
			children = (
				8944F81924EEF80D008B51E4 /* SnakeGame */,
				8944F81824EEF80D008B51E4 /* Products */,
			);
			sourceTree = "<group>";
		};
		8944F81824EEF80D008B51E4 /* Products */ = {
			isa = PBXGroup;
			children = (
				8944F81724EEF80D008B51E4 /* SnakeGame.app */,
			);
			name = Products;
			sourceTree = "<group>";
		};
		8944F81924EEF80D008B51E4 /* SnakeGame */ = {
			isa = PBXGroup;
			children = (
				8944F82524EEF80F008B51E4 /* LaunchScreen.storyboard */,
				8944F82824EEF80F008B51E4 /* Info.plist */,
				89EE3BBD24F4001B0098CA71 /* Commom */,
				89EE3BBE24F4002D0098CA71 /* Model */,
				89EE3BBF24F401F80098CA71 /* View */,
				8944F82224EEF80F008B51E4 /* Preview Content */,
			);
			path = SnakeGame;
			sourceTree = "<group>";
		};
		8944F82224EEF80F008B51E4 /* Preview Content */ = {
			isa = PBXGroup;
			children = (
				8944F82324EEF80F008B51E4 /* Preview Assets.xcassets */,
			);
			path = "Preview Content";
			sourceTree = "<group>";
		};
		89EE3BBD24F4001B0098CA71 /* Commom */ = {
			isa = PBXGroup;
			children = (
				8944F82024EEF80F008B51E4 /* Assets.xcassets */,
				8944F81C24EEF80E008B51E4 /* SceneDelegate.swift */,
				8944F81A24EEF80D008B51E4 /* AppDelegate.swift */,
			);
			path = Commom;
			sourceTree = "<group>";
		};
		89EE3BBE24F4002D0098CA71 /* Model */ = {
			isa = PBXGroup;
			children = (
				8944F82E24EEFA3C008B51E4 /* SnakeModel.swift */,
			);
			path = Model;
			sourceTree = "<group>";
		};
		89EE3BBF24F401F80098CA71 /* View */ = {
			isa = PBXGroup;
			children = (
				8944F83024EEFABC008B51E4 /* SnakeViewModel.swift */,
				8944F81E24EEF80E008B51E4 /* SnakeView.swift */,
			);
			path = View;
			sourceTree = "<group>";
		};
/* End PBXGroup section */

/* Begin PBXNativeTarget section */
		8944F81624EEF80D008B51E4 /* SnakeGame */ = {
			isa = PBXNativeTarget;
			buildConfigurationList = 8944F82B24EEF80F008B51E4 /* Build configuration list for PBXNativeTarget "SnakeGame" */;
			buildPhases = (
				8944F81324EEF80D008B51E4 /* Sources */,
				8944F81424EEF80D008B51E4 /* Frameworks */,
				8944F81524EEF80D008B51E4 /* Resources */,
			);
			buildRules = (
			);
			dependencies = (
			);
			name = SnakeGame;
			productName = SnakeGame;
			productReference = 8944F81724EEF80D008B51E4 /* SnakeGame.app */;
			productType = "com.apple.product-type.application";
		};
/* End PBXNativeTarget section */

/* Begin PBXProject section */
		8944F80F24EEF80D008B51E4 /* Project object */ = {
			isa = PBXProject;
			attributes = {
				LastSwiftUpdateCheck = 1160;
				LastUpgradeCheck = 1160;
				ORGANIZATIONNAME = IzabellaMelo;
				TargetAttributes = {
					8944F81624EEF80D008B51E4 = {
						CreatedOnToolsVersion = 11.6;
					};
				};
			};
			buildConfigurationList = 8944F81224EEF80D008B51E4 /* Build configuration list for PBXProject "SnakeGame" */;
			compatibilityVersion = "Xcode 9.3";
			developmentRegion = en;
			hasScannedForEncodings = 0;
			knownRegions = (
				en,
				Base,
			);
			mainGroup = 8944F80E24EEF80D008B51E4;
			productRefGroup = 8944F81824EEF80D008B51E4 /* Products */;
			projectDirPath = "";
			projectRoot = "";
			targets = (
				8944F81624EEF80D008B51E4 /* SnakeGame */,
			);
		};
/* End PBXProject section */

/* Begin PBXResourcesBuildPhase section */
		8944F81524EEF80D008B51E4 /* Resources */ = {
			isa = PBXResourcesBuildPhase;
			buildActionMask = 2147483647;
			files = (
				8944F82724EEF80F008B51E4 /* LaunchScreen.storyboard in Resources */,
				8944F82424EEF80F008B51E4 /* Preview Assets.xcassets in Resources */,
				8944F82124EEF80F008B51E4 /* Assets.xcassets in Resources */,
			);
			runOnlyForDeploymentPostprocessing = 0;
		};
/* End PBXResourcesBuildPhase section */

/* Begin PBXSourcesBuildPhase section */
		8944F81324EEF80D008B51E4 /* Sources */ = {
			isa = PBXSourcesBuildPhase;
			buildActionMask = 2147483647;
			files = (
				8944F81B24EEF80D008B51E4 /* AppDelegate.swift in Sources */,
				8944F83124EEFABC008B51E4 /* SnakeViewModel.swift in Sources */,
				8944F81D24EEF80E008B51E4 /* SceneDelegate.swift in Sources */,
				8944F82F24EEFA3C008B51E4 /* SnakeModel.swift in Sources */,
				8944F81F24EEF80E008B51E4 /* SnakeView.swift in Sources */,
			);
			runOnlyForDeploymentPostprocessing = 0;
		};
/* End PBXSourcesBuildPhase section */

/* Begin PBXVariantGroup section */
		8944F82524EEF80F008B51E4 /* LaunchScreen.storyboard */ = {
			isa = PBXVariantGroup;
			children = (
				8944F82624EEF80F008B51E4 /* Base */,
			);
			name = LaunchScreen.storyboard;
			sourceTree = "<group>";
		};
/* End PBXVariantGroup section */

/* Begin XCBuildConfiguration section */
		8944F82924EEF80F008B51E4 /* Debug */ = {
			isa = XCBuildConfiguration;
			buildSettings = {
				ALWAYS_SEARCH_USER_PATHS = NO;
				CLANG_ANALYZER_NONNULL = YES;
				CLANG_ANALYZER_NUMBER_OBJECT_CONVERSION = YES_AGGRESSIVE;
				CLANG_CXX_LANGUAGE_STANDARD = "gnu++14";
				CLANG_CXX_LIBRARY = "libc++";
				CLANG_ENABLE_MODULES = YES;
				CLANG_ENABLE_OBJC_ARC = YES;
				CLANG_ENABLE_OBJC_WEAK = YES;
				CLANG_WARN_BLOCK_CAPTURE_AUTORELEASING = YES;
				CLANG_WARN_BOOL_CONVERSION = YES;
				CLANG_WARN_COMMA = YES;
				CLANG_WARN_CONSTANT_CONVERSION = YES;
				CLANG_WARN_DEPRECATED_OBJC_IMPLEMENTATIONS = YES;
				CLANG_WARN_DIRECT_OBJC_ISA_USAGE = YES_ERROR;
				CLANG_WARN_DOCUMENTATION_COMMENTS = YES;
				CLANG_WARN_EMPTY_BODY = YES;
				CLANG_WARN_ENUM_CONVERSION = YES;
				CLANG_WARN_INFINITE_RECURSION = YES;
				CLANG_WARN_INT_CONVERSION = YES;
				CLANG_WARN_NON_LITERAL_NULL_CONVERSION = YES;
				CLANG_WARN_OBJC_IMPLICIT_RETAIN_SELF = YES;
				CLANG_WARN_OBJC_LITERAL_CONVERSION = YES;
				CLANG_WARN_OBJC_ROOT_CLASS = YES_ERROR;
				CLANG_WARN_RANGE_LOOP_ANALYSIS = YES;
				CLANG_WARN_STRICT_PROTOTYPES = YES;
				CLANG_WARN_SUSPICIOUS_MOVE = YES;
				CLANG_WARN_UNGUARDED_AVAILABILITY = YES_AGGRESSIVE;
				CLANG_WARN_UNREACHABLE_CODE = YES;
				CLANG_WARN__DUPLICATE_METHOD_MATCH = YES;
				COPY_PHASE_STRIP = NO;
				DEBUG_INFORMATION_FORMAT = dwarf;
				ENABLE_STRICT_OBJC_MSGSEND = YES;
				ENABLE_TESTABILITY = YES;
				GCC_C_LANGUAGE_STANDARD = gnu11;
				GCC_DYNAMIC_NO_PIC = NO;
				GCC_NO_COMMON_BLOCKS = YES;
				GCC_OPTIMIZATION_LEVEL = 0;
				GCC_PREPROCESSOR_DEFINITIONS = (
					"DEBUG=1",
					"$(inherited)",
				);
				GCC_WARN_64_TO_32_BIT_CONVERSION = YES;
				GCC_WARN_ABOUT_RETURN_TYPE = YES_ERROR;
				GCC_WARN_UNDECLARED_SELECTOR = YES;
				GCC_WARN_UNINITIALIZED_AUTOS = YES_AGGRESSIVE;
				GCC_WARN_UNUSED_FUNCTION = YES;
				GCC_WARN_UNUSED_VARIABLE = YES;
				IPHONEOS_DEPLOYMENT_TARGET = 13.6;
				MTL_ENABLE_DEBUG_INFO = INCLUDE_SOURCE;
				MTL_FAST_MATH = YES;
				ONLY_ACTIVE_ARCH = YES;
				SDKROOT = iphoneos;
				SWIFT_ACTIVE_COMPILATION_CONDITIONS = DEBUG;
				SWIFT_OPTIMIZATION_LEVEL = "-Onone";
			};
			name = Debug;
		};
		8944F82A24EEF80F008B51E4 /* Release */ = {
			isa = XCBuildConfiguration;
			buildSettings = {
				ALWAYS_SEARCH_USER_PATHS = NO;
				CLANG_ANALYZER_NONNULL = YES;
				CLANG_ANALYZER_NUMBER_OBJECT_CONVERSION = YES_AGGRESSIVE;
				CLANG_CXX_LANGUAGE_STANDARD = "gnu++14";
				CLANG_CXX_LIBRARY = "libc++";
				CLANG_ENABLE_MODULES = YES;
				CLANG_ENABLE_OBJC_ARC = YES;
				CLANG_ENABLE_OBJC_WEAK = YES;
				CLANG_WARN_BLOCK_CAPTURE_AUTORELEASING = YES;
				CLANG_WARN_BOOL_CONVERSION = YES;
				CLANG_WARN_COMMA = YES;
				CLANG_WARN_CONSTANT_CONVERSION = YES;
				CLANG_WARN_DEPRECATED_OBJC_IMPLEMENTATIONS = YES;
				CLANG_WARN_DIRECT_OBJC_ISA_USAGE = YES_ERROR;
				CLANG_WARN_DOCUMENTATION_COMMENTS = YES;
				CLANG_WARN_EMPTY_BODY = YES;
				CLANG_WARN_ENUM_CONVERSION = YES;
				CLANG_WARN_INFINITE_RECURSION = YES;
				CLANG_WARN_INT_CONVERSION = YES;
				CLANG_WARN_NON_LITERAL_NULL_CONVERSION = YES;
				CLANG_WARN_OBJC_IMPLICIT_RETAIN_SELF = YES;
				CLANG_WARN_OBJC_LITERAL_CONVERSION = YES;
				CLANG_WARN_OBJC_ROOT_CLASS = YES_ERROR;
				CLANG_WARN_RANGE_LOOP_ANALYSIS = YES;
				CLANG_WARN_STRICT_PROTOTYPES = YES;
				CLANG_WARN_SUSPICIOUS_MOVE = YES;
				CLANG_WARN_UNGUARDED_AVAILABILITY = YES_AGGRESSIVE;
				CLANG_WARN_UNREACHABLE_CODE = YES;
				CLANG_WARN__DUPLICATE_METHOD_MATCH = YES;
				COPY_PHASE_STRIP = NO;
				DEBUG_INFORMATION_FORMAT = "dwarf-with-dsym";
				ENABLE_NS_ASSERTIONS = NO;
				ENABLE_STRICT_OBJC_MSGSEND = YES;
				GCC_C_LANGUAGE_STANDARD = gnu11;
				GCC_NO_COMMON_BLOCKS = YES;
				GCC_WARN_64_TO_32_BIT_CONVERSION = YES;
				GCC_WARN_ABOUT_RETURN_TYPE = YES_ERROR;
				GCC_WARN_UNDECLARED_SELECTOR = YES;
				GCC_WARN_UNINITIALIZED_AUTOS = YES_AGGRESSIVE;
				GCC_WARN_UNUSED_FUNCTION = YES;
				GCC_WARN_UNUSED_VARIABLE = YES;
				IPHONEOS_DEPLOYMENT_TARGET = 13.6;
				MTL_ENABLE_DEBUG_INFO = NO;
				MTL_FAST_MATH = YES;
				SDKROOT = iphoneos;
				SWIFT_COMPILATION_MODE = wholemodule;
				SWIFT_OPTIMIZATION_LEVEL = "-O";
				VALIDATE_PRODUCT = YES;
			};
			name = Release;
		};
		8944F82C24EEF80F008B51E4 /* Debug */ = {
			isa = XCBuildConfiguration;
			buildSettings = {
				ASSETCATALOG_COMPILER_APPICON_NAME = AppIcon;
				CODE_SIGN_STYLE = Automatic;
				DEVELOPMENT_ASSET_PATHS = "\"SnakeGame/Preview Content\"";
				DEVELOPMENT_TEAM = SA83SDX9BQ;
				ENABLE_PREVIEWS = YES;
				INFOPLIST_FILE = SnakeGame/Info.plist;
				LD_RUNPATH_SEARCH_PATHS = (
					"$(inherited)",
					"@executable_path/Frameworks",
				);
				PRODUCT_BUNDLE_IDENTIFIER = br.com.IzabellaMelo.SnakeGame;
				PRODUCT_NAME = "$(TARGET_NAME)";
				SWIFT_VERSION = 5.0;
				TARGETED_DEVICE_FAMILY = "1,2";
			};
			name = Debug;
		};
		8944F82D24EEF80F008B51E4 /* Release */ = {
			isa = XCBuildConfiguration;
			buildSettings = {
				ASSETCATALOG_COMPILER_APPICON_NAME = AppIcon;
				CODE_SIGN_STYLE = Automatic;
				DEVELOPMENT_ASSET_PATHS = "\"SnakeGame/Preview Content\"";
				DEVELOPMENT_TEAM = SA83SDX9BQ;
				ENABLE_PREVIEWS = YES;
				INFOPLIST_FILE = SnakeGame/Info.plist;
				LD_RUNPATH_SEARCH_PATHS = (
					"$(inherited)",
					"@executable_path/Frameworks",
				);
				PRODUCT_BUNDLE_IDENTIFIER = br.com.IzabellaMelo.SnakeGame;
				PRODUCT_NAME = "$(TARGET_NAME)";
				SWIFT_VERSION = 5.0;
				TARGETED_DEVICE_FAMILY = "1,2";
			};
			name = Release;
		};
/* End XCBuildConfiguration section */

/* Begin XCConfigurationList section */
		8944F81224EEF80D008B51E4 /* Build configuration list for PBXProject "SnakeGame" */ = {
			isa = XCConfigurationList;
			buildConfigurations = (
				8944F82924EEF80F008B51E4 /* Debug */,
				8944F82A24EEF80F008B51E4 /* Release */,
			);
			defaultConfigurationIsVisible = 0;
			defaultConfigurationName = Release;
		};
		8944F82B24EEF80F008B51E4 /* Build configuration list for PBXNativeTarget "SnakeGame" */ = {
			isa = XCConfigurationList;
			buildConfigurations = (
				8944F82C24EEF80F008B51E4 /* Debug */,
				8944F82D24EEF80F008B51E4 /* Release */,
			);
			defaultConfigurationIsVisible = 0;
			defaultConfigurationName = Release;
		};
/* End XCConfigurationList section */
	};
	rootObject = 8944F80F24EEF80D008B51E4 /* Project object */;
}
